
Microsoft Visual Studio Solution File, Format Version 12.00
# Visual Studio 15
VisualStudioVersion = 15.0.28307.1267
MinimumVisualStudioVersion = 10.0.40219.1
Project("{FAE04EC0-301F-11D3-BF4B-00C04F79EFBC}") = "Practice01DataTypesAndUserInput", "Practice01DataTypesAndUserInput\Practice01DataTypesAndUserInput.csproj", "{87FA8489-CA93-404A-B8B9-C18F5809A555}"
EndProject
Global
	GlobalSection(SolutionConfigurationPlatforms) = preSolution
		Debug|Any CPU = Debug|Any CPU
		Release|Any CPU = Release|Any CPU
	EndGlobalSection
	GlobalSection(ProjectConfigurationPlatforms) = postSolution
		{87FA8489-CA93-404A-B8B9-C18F5809A555}.Debug|Any CPU.ActiveCfg = Debug|Any CPU
		{87FA8489-CA93-404A-B8B9-C18F5809A555}.Debug|Any CPU.Build.0 = Debug|Any CPU
		{87FA8489-CA93-404A-B8B9-C18F5809A555}.Release|Any CPU.ActiveCfg = Release|Any CPU
		{87FA8489-CA93-404A-B8B9-C18F5809A555}.Release|Any CPU.Build.0 = Release|Any CPU
	EndGlobalSection
	GlobalSection(SolutionProperties) = preSolution
		HideSolutionNode = FALSE
	EndGlobalSection
	GlobalSection(ExtensibilityGlobals) = postSolution
		SolutionGuid = {5D9C879D-D8E8-4012-8905-4434916FDD5A}
	EndGlobalSection
EndGlobal
